{
  "version": 4,
  "terraform_version": "1.8.3",
  "serial": 472,
  "lineage": "7d664bb0-305f-22c5-b8c9-640f85ed80ab",
  "outputs": {},
  "resources": [
    {
      "module": "module.service_resources",
      "mode": "managed",
      "type": "aws_cloudfront_distribution",
      "name": "bucket_distribution",
      "provider": "provider[\"registry.terraform.io/hashicorp/aws\"]",
      "instances": [
        {
          "schema_version": 1,
          "attributes": {
            "aliases": [],
            "arn": "arn:aws:cloudfront::732075124266:distribution/E1AY2777F783XK",
            "caller_reference": "terraform-20240610093808128000000003",
            "comment": null,
            "continuous_deployment_policy_id": "",
            "custom_error_response": [],
            "default_cache_behavior": [
              {
                "allowed_methods": [
                  "DELETE",
                  "GET",
                  "HEAD",
                  "OPTIONS",
                  "PATCH",
                  "POST",
                  "PUT"
                ],
                "cache_policy_id": "",
                "cached_methods": [
                  "GET",
                  "HEAD"
                ],
                "compress": false,
                "default_ttl": 3600,
                "field_level_encryption_id": "",
                "forwarded_values": [
                  {
                    "cookies": [
                      {
                        "forward": "none",
                        "whitelisted_names": []
                      }
                    ],
                    "headers": [],
                    "query_string": false,
                    "query_string_cache_keys": []
                  }
                ],
                "function_association": [],
                "lambda_function_association": [],
                "max_ttl": 86400,
                "min_ttl": 0,
                "origin_request_policy_id": "",
                "realtime_log_config_arn": "",
                "response_headers_policy_id": "",
                "smooth_streaming": false,
                "target_origin_id": "omentejovemS3Origin",
                "trusted_key_groups": [],
                "trusted_signers": [],
                "viewer_protocol_policy": "allow-all"
              }
            ],
            "default_root_object": "",
            "domain_name": "d1k4tyaam5a1fp.cloudfront.net",
            "enabled": true,
            "etag": "E10DQ7UF8DJN24",
            "hosted_zone_id": "Z2FDTNDATAQYW2",
            "http_version": "http2",
            "id": "E1AY2777F783XK",
            "in_progress_validation_batches": 0,
            "is_ipv6_enabled": false,
            "last_modified_time": "2024-06-10 09:38:08.324 +0000 UTC",
            "logging_config": [],
            "ordered_cache_behavior": [],
            "origin": [
              {
                "connection_attempts": 3,
                "connection_timeout": 10,
                "custom_header": [],
                "custom_origin_config": [],
                "domain_name": "omentejovem-media-content.s3.sa-east-1.amazonaws.com",
                "origin_access_control_id": "E16D16SNHF3HOY",
                "origin_id": "omentejovemS3Origin",
                "origin_path": "",
                "origin_shield": [],
                "s3_origin_config": []
              }
            ],
            "origin_group": [],
            "price_class": "PriceClass_All",
            "restrictions": [
              {
                "geo_restriction": [
                  {
                    "locations": [],
                    "restriction_type": "none"
                  }
                ]
              }
            ],
            "retain_on_delete": false,
            "staging": false,
            "status": "Deployed",
            "tags": {},
            "tags_all": {},
            "trusted_key_groups": [
              {
                "enabled": false,
                "items": []
              }
            ],
            "trusted_signers": [
              {
                "enabled": false,
                "items": []
              }
            ],
            "viewer_certificate": [
              {
                "acm_certificate_arn": "",
                "cloudfront_default_certificate": true,
                "iam_certificate_id": "",
                "minimum_protocol_version": "TLSv1",
                "ssl_support_method": ""
              }
            ],
            "wait_for_deployment": true,
            "web_acl_id": ""
          },
          "sensitive_attributes": [],
          "private": "eyJzY2hlbWFfdmVyc2lvbiI6IjEifQ==",
          "dependencies": [
            "module.service_resources.aws_cloudfront_origin_access_control.main",
            "module.service_resources.aws_s3_bucket.omentejovem_media_content_bucket"
          ]
        }
      ]
    },
    {
      "module": "module.service_resources",
      "mode": "managed",
      "type": "aws_cloudfront_origin_access_control",
      "name": "main",
      "provider": "provider[\"registry.terraform.io/hashicorp/aws\"]",
      "instances": [
        {
          "schema_version": 0,
          "attributes": {
            "description": "OAC for omentejovem cloud distribution",
            "etag": "ETVPDKIKX0DER",
            "id": "E16D16SNHF3HOY",
            "name": "media_distribution_oac",
            "origin_access_control_origin_type": "s3",
            "signing_behavior": "always",
            "signing_protocol": "sigv4"
          },
          "sensitive_attributes": [],
          "private": "bnVsbA=="
        }
      ]
    },
    {
      "module": "module.service_resources",
      "mode": "managed",
      "type": "aws_docdb_cluster",
      "name": "omentejovem_db",
      "provider": "provider[\"registry.terraform.io/hashicorp/aws\"]",
      "instances": [
        {
          "schema_version": 0,
          "attributes": {
            "allow_major_version_upgrade": null,
            "apply_immediately": null,
            "arn": "arn:aws:rds:sa-east-1:732075124266:cluster:omentejovem-db",
            "availability_zones": [
              "sa-east-1a",
              "sa-east-1b",
              "sa-east-1c"
            ],
            "backup_retention_period": 1,
            "cluster_identifier": "omentejovem-db",
            "cluster_identifier_prefix": "",
            "cluster_members": [
              "omentejovem-db-instance20240610102137218200000001",
              "omentejovem-db-instance20240610102137218200000002",
              "omentejovem-db-instance20240610102137219500000003"
            ],
            "cluster_resource_id": "cluster-MYDSDF6ZGDK7OCYSQKF6RTYVAU",
            "db_cluster_parameter_group_name": "default.docdb5.0",
            "db_subnet_group_name": "docdbsubnetgroup",
            "deletion_protection": false,
            "enabled_cloudwatch_logs_exports": [],
            "endpoint": "omentejovem-db.cluster-c30i86oiaivb.sa-east-1.docdb.amazonaws.com",
            "engine": "docdb",
            "engine_version": "5.0.0",
            "final_snapshot_identifier": null,
            "global_cluster_identifier": "",
            "hosted_zone_id": "Z028198947VFXKKO6G4G",
            "id": "omentejovem-db",
            "kms_key_id": "",
            "master_password": "fCb]k*+!(q9+Lq\u0026y#V?nqIO#T(y3w+O%",
            "master_username": "omentejovem_admin",
            "port": 27017,
            "preferred_backup_window": "02:10-02:40",
            "preferred_maintenance_window": "sat:04:50-sat:05:20",
            "reader_endpoint": "omentejovem-db.cluster-ro-c30i86oiaivb.sa-east-1.docdb.amazonaws.com",
            "skip_final_snapshot": true,
            "snapshot_identifier": null,
            "storage_encrypted": false,
            "storage_type": "",
            "tags": {},
            "tags_all": {},
            "timeouts": null,
            "vpc_security_group_ids": [
              "sg-0784da314476f9ccd"
            ]
          },
          "sensitive_attributes": [
            [
              {
                "type": "get_attr",
                "value": "master_password"
              }
            ]
          ],
          "private": "eyJlMmJmYjczMC1lY2FhLTExZTYtOGY4OC0zNDM2M2JjN2M0YzAiOnsiY3JlYXRlIjo3MjAwMDAwMDAwMDAwLCJkZWxldGUiOjcyMDAwMDAwMDAwMDAsInVwZGF0ZSI6NzIwMDAwMDAwMDAwMH19",
          "dependencies": [
            "module.service_resources.aws_docdb_subnet_group.omentejovem_db_subnet_group",
            "module.service_resources.aws_secretsmanager_secret.mongodb_credentials",
            "module.service_resources.aws_security_group.db_sg",
            "module.service_resources.aws_subnet.private_1",
            "module.service_resources.aws_subnet.private_2",
            "module.service_resources.aws_vpc.default_vpc",
            "module.service_resources.module.database_mongodb_password.aws_secretsmanager_secret_version.this",
            "module.service_resources.module.database_mongodb_password.random_password.this"
          ]
        }
      ]
    },
    {
      "module": "module.service_resources",
      "mode": "managed",
      "type": "aws_docdb_cluster_instance",
      "name": "omentejovem_db_instance",
      "provider": "provider[\"registry.terraform.io/hashicorp/aws\"]",
      "instances": [
        {
          "index_key": 0,
          "schema_version": 0,
          "attributes": {
            "apply_immediately": null,
            "arn": "arn:aws:rds:sa-east-1:732075124266:db:omentejovem-db-instance20240610102137218200000002",
            "auto_minor_version_upgrade": true,
            "availability_zone": "sa-east-1b",
            "ca_cert_identifier": "rds-ca-rsa2048-g1",
            "cluster_identifier": "omentejovem-db",
            "copy_tags_to_snapshot": false,
            "db_subnet_group_name": "docdbsubnetgroup",
            "dbi_resource_id": "db-2ELMNOTGVLAT67T2OPNNKMGODA",
            "enable_performance_insights": null,
            "endpoint": "omentejovem-db-instance20240610102137218200000002.c30i86oiaivb.sa-east-1.docdb.amazonaws.com",
            "engine": "docdb",
            "engine_version": "5.0.0",
            "id": "omentejovem-db-instance20240610102137218200000002",
            "identifier": "omentejovem-db-instance20240610102137218200000002",
            "identifier_prefix": "omentejovem-db-instance",
            "instance_class": "db.t3.medium",
            "kms_key_id": "",
            "performance_insights_kms_key_id": null,
            "port": 27017,
            "preferred_backup_window": "02:10-02:40",
            "preferred_maintenance_window": "thu:02:55-thu:03:25",
            "promotion_tier": 0,
            "publicly_accessible": false,
            "storage_encrypted": false,
            "tags": {},
            "tags_all": {},
            "timeouts": null,
            "writer": true
          },
          "sensitive_attributes": [],
          "private": "eyJlMmJmYjczMC1lY2FhLTExZTYtOGY4OC0zNDM2M2JjN2M0YzAiOnsiY3JlYXRlIjo1NDAwMDAwMDAwMDAwLCJkZWxldGUiOjU0MDAwMDAwMDAwMDAsInVwZGF0ZSI6NTQwMDAwMDAwMDAwMH19",
          "dependencies": [
            "module.service_resources.aws_docdb_cluster.omentejovem_db",
            "module.service_resources.aws_docdb_subnet_group.omentejovem_db_subnet_group",
            "module.service_resources.aws_secretsmanager_secret.mongodb_credentials",
            "module.service_resources.aws_security_group.db_sg",
            "module.service_resources.aws_subnet.private_1",
            "module.service_resources.aws_subnet.private_2",
            "module.service_resources.aws_vpc.default_vpc",
            "module.service_resources.module.database_mongodb_password.aws_secretsmanager_secret_version.this",
            "module.service_resources.module.database_mongodb_password.random_password.this"
          ]
        },
        {
          "index_key": 1,
          "schema_version": 0,
          "attributes": {
            "apply_immediately": null,
            "arn": "arn:aws:rds:sa-east-1:732075124266:db:omentejovem-db-instance20240610102137219500000003",
            "auto_minor_version_upgrade": true,
            "availability_zone": "sa-east-1a",
            "ca_cert_identifier": "rds-ca-rsa2048-g1",
            "cluster_identifier": "omentejovem-db",
            "copy_tags_to_snapshot": false,
            "db_subnet_group_name": "docdbsubnetgroup",
            "dbi_resource_id": "db-XBVI5NE47JPY27IZXWYKT4OWYQ",
            "enable_performance_insights": null,
            "endpoint": "omentejovem-db-instance20240610102137219500000003.c30i86oiaivb.sa-east-1.docdb.amazonaws.com",
            "engine": "docdb",
            "engine_version": "5.0.0",
            "id": "omentejovem-db-instance20240610102137219500000003",
            "identifier": "omentejovem-db-instance20240610102137219500000003",
            "identifier_prefix": "omentejovem-db-instance",
            "instance_class": "db.t3.medium",
            "kms_key_id": "",
            "performance_insights_kms_key_id": null,
            "port": 27017,
            "preferred_backup_window": "02:10-02:40",
            "preferred_maintenance_window": "wed:03:06-wed:03:36",
            "promotion_tier": 0,
            "publicly_accessible": false,
            "storage_encrypted": false,
            "tags": {},
            "tags_all": {},
            "timeouts": null,
            "writer": false
          },
          "sensitive_attributes": [],
          "private": "eyJlMmJmYjczMC1lY2FhLTExZTYtOGY4OC0zNDM2M2JjN2M0YzAiOnsiY3JlYXRlIjo1NDAwMDAwMDAwMDAwLCJkZWxldGUiOjU0MDAwMDAwMDAwMDAsInVwZGF0ZSI6NTQwMDAwMDAwMDAwMH19",
          "dependencies": [
            "module.service_resources.aws_docdb_cluster.omentejovem_db",
            "module.service_resources.aws_docdb_subnet_group.omentejovem_db_subnet_group",
            "module.service_resources.aws_secretsmanager_secret.mongodb_credentials",
            "module.service_resources.aws_security_group.db_sg",
            "module.service_resources.aws_subnet.private_1",
            "module.service_resources.aws_subnet.private_2",
            "module.service_resources.aws_vpc.default_vpc",
            "module.service_resources.module.database_mongodb_password.aws_secretsmanager_secret_version.this",
            "module.service_resources.module.database_mongodb_password.random_password.this"
          ]
        },
        {
          "index_key": 2,
          "schema_version": 0,
          "attributes": {
            "apply_immediately": null,
            "arn": "arn:aws:rds:sa-east-1:732075124266:db:omentejovem-db-instance20240610102137218200000001",
            "auto_minor_version_upgrade": true,
            "availability_zone": "sa-east-1a",
            "ca_cert_identifier": "rds-ca-rsa2048-g1",
            "cluster_identifier": "omentejovem-db",
            "copy_tags_to_snapshot": false,
            "db_subnet_group_name": "docdbsubnetgroup",
            "dbi_resource_id": "db-RVMH2VDGEZVFLN4XLAMTSI7HNE",
            "enable_performance_insights": null,
            "endpoint": "omentejovem-db-instance20240610102137218200000001.c30i86oiaivb.sa-east-1.docdb.amazonaws.com",
            "engine": "docdb",
            "engine_version": "5.0.0",
            "id": "omentejovem-db-instance20240610102137218200000001",
            "identifier": "omentejovem-db-instance20240610102137218200000001",
            "identifier_prefix": "omentejovem-db-instance",
            "instance_class": "db.t3.medium",
            "kms_key_id": "",
            "performance_insights_kms_key_id": null,
            "port": 27017,
            "preferred_backup_window": "02:10-02:40",
            "preferred_maintenance_window": "tue:04:08-tue:04:38",
            "promotion_tier": 0,
            "publicly_accessible": false,
            "storage_encrypted": false,
            "tags": {},
            "tags_all": {},
            "timeouts": null,
            "writer": false
          },
          "sensitive_attributes": [],
          "private": "eyJlMmJmYjczMC1lY2FhLTExZTYtOGY4OC0zNDM2M2JjN2M0YzAiOnsiY3JlYXRlIjo1NDAwMDAwMDAwMDAwLCJkZWxldGUiOjU0MDAwMDAwMDAwMDAsInVwZGF0ZSI6NTQwMDAwMDAwMDAwMH19",
          "dependencies": [
            "module.service_resources.aws_docdb_cluster.omentejovem_db",
            "module.service_resources.aws_docdb_subnet_group.omentejovem_db_subnet_group",
            "module.service_resources.aws_secretsmanager_secret.mongodb_credentials",
            "module.service_resources.aws_security_group.db_sg",
            "module.service_resources.aws_subnet.private_1",
            "module.service_resources.aws_subnet.private_2",
            "module.service_resources.aws_vpc.default_vpc",
            "module.service_resources.module.database_mongodb_password.aws_secretsmanager_secret_version.this",
            "module.service_resources.module.database_mongodb_password.random_password.this"
          ]
        }
      ]
    },
    {
      "module": "module.service_resources",
      "mode": "managed",
      "type": "aws_docdb_subnet_group",
      "name": "omentejovem_db_subnet_group",
      "provider": "provider[\"registry.terraform.io/hashicorp/aws\"]",
      "instances": [
        {
          "schema_version": 0,
          "attributes": {
            "arn": "arn:aws:rds:sa-east-1:732075124266:subgrp:docdbsubnetgroup",
            "description": "Managed by Terraform",
            "id": "docdbsubnetgroup",
            "name": "docdbsubnetgroup",
            "name_prefix": "",
            "subnet_ids": [
              "subnet-097892e11dff94740",
              "subnet-0f2f8dac8887d8e8a"
            ],
            "tags": {},
            "tags_all": {}
          },
          "sensitive_attributes": [],
          "private": "bnVsbA==",
          "dependencies": [
            "module.service_resources.aws_subnet.private_1",
            "module.service_resources.aws_subnet.private_2",
            "module.service_resources.aws_vpc.default_vpc"
          ]
        }
      ]
    },
    {
      "module": "module.service_resources",
      "mode": "managed",
      "type": "aws_ecs_cluster",
      "name": "omentejovem",
      "provider": "provider[\"registry.terraform.io/hashicorp/aws\"]",
      "instances": [
        {
          "schema_version": 0,
          "attributes": {
            "arn": "arn:aws:ecs:sa-east-1:732075124266:cluster/omentejovem",
            "configuration": [],
            "id": "arn:aws:ecs:sa-east-1:732075124266:cluster/omentejovem",
            "name": "omentejovem",
            "service_connect_defaults": [],
            "setting": [
              {
                "name": "containerInsights",
                "value": "enabled"
              }
            ],
            "tags": {},
            "tags_all": {}
          },
          "sensitive_attributes": [],
          "private": "bnVsbA=="
        }
      ]
    },
    {
      "module": "module.service_resources",
      "mode": "managed",
      "type": "aws_ecs_service",
      "name": "api",
      "provider": "provider[\"registry.terraform.io/hashicorp/aws\"]",
      "instances": [
        {
          "schema_version": 0,
          "attributes": {
            "alarms": [],
            "capacity_provider_strategy": [],
            "cluster": "arn:aws:ecs:sa-east-1:732075124266:cluster/omentejovem",
            "deployment_circuit_breaker": [
              {
                "enable": false,
                "rollback": false
              }
            ],
            "deployment_controller": [
              {
                "type": "ECS"
              }
            ],
            "deployment_maximum_percent": 200,
            "deployment_minimum_healthy_percent": 100,
            "desired_count": 1,
            "enable_ecs_managed_tags": false,
            "enable_execute_command": false,
            "force_new_deployment": null,
            "health_check_grace_period_seconds": 0,
            "iam_role": "/aws-service-role/ecs.amazonaws.com/AWSServiceRoleForECS",
            "id": "arn:aws:ecs:sa-east-1:732075124266:service/omentejovem/api",
            "launch_type": "EC2",
            "load_balancer": [],
            "name": "api",
            "network_configuration": [
              {
                "assign_public_ip": false,
                "security_groups": [
                  "sg-06b1e488af56f70a1"
                ],
                "subnets": [
                  "subnet-097892e11dff94740",
                  "subnet-0f2f8dac8887d8e8a"
                ]
              }
            ],
            "ordered_placement_strategy": [],
            "placement_constraints": [],
            "platform_version": "",
            "propagate_tags": "NONE",
            "scheduling_strategy": "REPLICA",
            "service_connect_configuration": [],
            "service_registries": [],
            "tags": null,
            "tags_all": {},
            "task_definition": "arn:aws:ecs:sa-east-1:732075124266:task-definition/service:4",
            "timeouts": null,
            "triggers": {},
            "volume_configuration": [],
            "wait_for_steady_state": false
          },
          "sensitive_attributes": [],
          "private": "eyJlMmJmYjczMC1lY2FhLTExZTYtOGY4OC0zNDM2M2JjN2M0YzAiOnsiY3JlYXRlIjoxMjAwMDAwMDAwMDAwLCJkZWxldGUiOjEyMDAwMDAwMDAwMDAsInVwZGF0ZSI6MTIwMDAwMDAwMDAwMH19",
          "dependencies": [
            "module.service_resources.aws_docdb_cluster.omentejovem_db",
            "module.service_resources.aws_docdb_subnet_group.omentejovem_db_subnet_group",
            "module.service_resources.aws_ecs_cluster.omentejovem",
            "module.service_resources.aws_ecs_task_definition.api_task_definition",
            "module.service_resources.aws_iam_role.ecs_role",
            "module.service_resources.aws_secretsmanager_secret.mongodb_credentials",
            "module.service_resources.aws_security_group.api_sg",
            "module.service_resources.aws_security_group.db_sg",
            "module.service_resources.aws_subnet.private_1",
            "module.service_resources.aws_subnet.private_2",
            "module.service_resources.aws_vpc.default_vpc",
            "module.service_resources.module.database_mongodb_password.aws_secretsmanager_secret_version.this",
            "module.service_resources.module.database_mongodb_password.random_password.this"
          ]
        }
      ]
    },
    {
      "module": "module.service_resources",
      "mode": "managed",
      "type": "aws_ecs_task_definition",
      "name": "api_task_definition",
      "provider": "provider[\"registry.terraform.io/hashicorp/aws\"]",
      "instances": [
        {
          "schema_version": 1,
          "attributes": {
            "arn": "arn:aws:ecs:sa-east-1:732075124266:task-definition/service:4",
            "arn_without_revision": "arn:aws:ecs:sa-east-1:732075124266:task-definition/service",
            "container_definitions": "[{\"cpu\":0,\"environment\":[{\"name\":\"MongoDb__ConnectionString\",\"value\":\"mongodb://omentejovem_admin:fCb]k*+!(q9+Lq\u0026y#V?nqIO#T(y3w+O%@omentejovem-db.cluster-c30i86oiaivb.sa-east-1.docdb.amazonaws.com:27017/\"},{\"name\":\"MongoDb__DatabaseName\",\"value\":\"omentejovem-db\"}],\"essential\":true,\"image\":\"omentejovem-api:c76061c\",\"logConfiguration\":{\"logDriver\":\"awslogs\",\"options\":{\"awslogs-create-group\":\"true\",\"awslogs-group\":\"ecs-omentejovem\",\"awslogs-region\":\"sa-east-1\",\"awslogs-stream-prefix\":\"awslogs-omentejovem-api\"}},\"mountPoints\":[],\"name\":\"omentejovem-api\",\"portMappings\":[{\"appProtocol\":\"http\",\"containerPort\":80,\"hostPort\":80,\"name\":\"omentejovem-api-80-tcp\",\"protocol\":\"tcp\"},{\"appProtocol\":\"http\",\"containerPort\":443,\"hostPort\":443,\"name\":\"omentejovem-api-443-tcp\",\"protocol\":\"tcp\"}],\"systemControls\":[],\"volumesFrom\":[]}]",
            "cpu": "1024",
            "ephemeral_storage": [],
            "execution_role_arn": "arn:aws:iam::732075124266:role/ecsTaskExecutionRole",
            "family": "service",
            "id": "service",
            "inference_accelerator": [],
            "ipc_mode": "",
            "memory": "2048",
            "network_mode": "awsvpc",
            "pid_mode": "",
            "placement_constraints": [],
            "proxy_configuration": [],
            "requires_compatibilities": [
              "FARGATE"
            ],
            "revision": 4,
            "runtime_platform": [],
            "skip_destroy": false,
            "tags": {},
            "tags_all": {},
            "task_role_arn": "",
            "track_latest": false,
            "volume": []
          },
          "sensitive_attributes": [
            [
              {
                "type": "get_attr",
                "value": "container_definitions"
              }
            ]
          ],
          "private": "eyJzY2hlbWFfdmVyc2lvbiI6IjEifQ==",
          "dependencies": [
            "module.service_resources.aws_docdb_cluster.omentejovem_db",
            "module.service_resources.aws_docdb_subnet_group.omentejovem_db_subnet_group",
            "module.service_resources.aws_secretsmanager_secret.mongodb_credentials",
            "module.service_resources.aws_security_group.db_sg",
            "module.service_resources.aws_subnet.private_1",
            "module.service_resources.aws_subnet.private_2",
            "module.service_resources.aws_vpc.default_vpc",
            "module.service_resources.module.database_mongodb_password.aws_secretsmanager_secret_version.this",
            "module.service_resources.module.database_mongodb_password.random_password.this"
          ]
        }
      ]
    },
    {
      "module": "module.service_resources",
      "mode": "managed",
      "type": "aws_iam_role",
      "name": "ecs_role",
      "provider": "provider[\"registry.terraform.io/hashicorp/aws\"]",
      "instances": [
        {
          "schema_version": 0,
          "attributes": {
            "arn": "arn:aws:iam::732075124266:role/ECSManagementRole",
            "assume_role_policy": "{\"Statement\":[{\"Action\":\"sts:AssumeRole\",\"Effect\":\"Allow\",\"Principal\":{\"Service\":\"ecs-tasks.amazonaws.com\"}}],\"Version\":\"2012-10-17\"}",
            "create_date": "2024-06-10T09:38:02Z",
            "description": "",
            "force_detach_policies": false,
            "id": "ECSManagementRole",
            "inline_policy": [
              {
                "name": "ecs-policy",
                "policy": "{\"Version\":\"2012-10-17\",\"Statement\":[{\"Action\":[\"ecr:GetAuthorizationToken\",\"ecr:BatchCheckLayerAvailability\",\"ecr:GetDownloadUrlForLayer\",\"ecr:BatchGetImage\",\"logs:CreateLogStream\",\"logs:PutLogEvents\",\"cloudwatch:PutMetricData\"],\"Effect\":\"Allow\",\"Resource\":\"*\"}]}"
              }
            ],
            "managed_policy_arns": [],
            "max_session_duration": 3600,
            "name": "ECSManagementRole",
            "name_prefix": "",
            "path": "/",
            "permissions_boundary": "",
            "tags": {},
            "tags_all": {},
            "unique_id": "AROA2U4YT4YVF7JUYRVAV"
          },
          "sensitive_attributes": [],
          "private": "bnVsbA=="
        }
      ]
    },
    {
      "module": "module.service_resources",
      "mode": "managed",
      "type": "aws_internet_gateway",
      "name": "internet_gateway",
      "provider": "provider[\"registry.terraform.io/hashicorp/aws\"]",
      "instances": [
        {
          "schema_version": 0,
          "attributes": {
            "arn": "arn:aws:ec2:sa-east-1:732075124266:internet-gateway/igw-0d1b792e8f2203693",
            "id": "igw-0d1b792e8f2203693",
            "owner_id": "732075124266",
            "tags": {
              "Name": "Internet"
            },
            "tags_all": {
              "Name": "Internet"
            },
            "timeouts": null,
            "vpc_id": "vpc-03b40ac794423d3b0"
          },
          "sensitive_attributes": [],
          "private": "eyJlMmJmYjczMC1lY2FhLTExZTYtOGY4OC0zNDM2M2JjN2M0YzAiOnsiY3JlYXRlIjoxMjAwMDAwMDAwMDAwLCJkZWxldGUiOjEyMDAwMDAwMDAwMDAsInVwZGF0ZSI6MTIwMDAwMDAwMDAwMH19",
          "dependencies": [
            "module.service_resources.aws_vpc.default_vpc"
          ]
        }
      ]
    },
    {
      "module": "module.service_resources",
      "mode": "managed",
      "type": "aws_route_table",
      "name": "private",
      "provider": "provider[\"registry.terraform.io/hashicorp/aws\"]",
      "instances": [
        {
          "schema_version": 0,
          "attributes": {
            "arn": "arn:aws:ec2:sa-east-1:732075124266:route-table/rtb-0240d08735e8d80ed",
            "id": "rtb-0240d08735e8d80ed",
            "owner_id": "732075124266",
            "propagating_vgws": [],
            "route": [],
            "tags": {
              "Name": "private-route-table"
            },
            "tags_all": {
              "Name": "private-route-table"
            },
            "timeouts": null,
            "vpc_id": "vpc-03b40ac794423d3b0"
          },
          "sensitive_attributes": [],
          "private": "eyJlMmJmYjczMC1lY2FhLTExZTYtOGY4OC0zNDM2M2JjN2M0YzAiOnsiY3JlYXRlIjozMDAwMDAwMDAwMDAsImRlbGV0ZSI6MzAwMDAwMDAwMDAwLCJ1cGRhdGUiOjEyMDAwMDAwMDAwMH19",
          "dependencies": [
            "module.service_resources.aws_vpc.default_vpc"
          ]
        }
      ]
    },
    {
      "module": "module.service_resources",
      "mode": "managed",
      "type": "aws_route_table",
      "name": "public",
      "provider": "provider[\"registry.terraform.io/hashicorp/aws\"]",
      "instances": [
        {
          "schema_version": 0,
          "attributes": {
            "arn": "arn:aws:ec2:sa-east-1:732075124266:route-table/rtb-0c43bc3c694f4adfc",
            "id": "rtb-0c43bc3c694f4adfc",
            "owner_id": "732075124266",
            "propagating_vgws": [],
            "route": [
              {
                "carrier_gateway_id": "",
                "cidr_block": "0.0.0.0/0",
                "core_network_arn": "",
                "destination_prefix_list_id": "",
                "egress_only_gateway_id": "",
                "gateway_id": "igw-0d1b792e8f2203693",
                "ipv6_cidr_block": "",
                "local_gateway_id": "",
                "nat_gateway_id": "",
                "network_interface_id": "",
                "transit_gateway_id": "",
                "vpc_endpoint_id": "",
                "vpc_peering_connection_id": ""
              }
            ],
            "tags": {
              "Name": "public-route-table"
            },
            "tags_all": {
              "Name": "public-route-table"
            },
            "timeouts": null,
            "vpc_id": "vpc-03b40ac794423d3b0"
          },
          "sensitive_attributes": [],
          "private": "eyJlMmJmYjczMC1lY2FhLTExZTYtOGY4OC0zNDM2M2JjN2M0YzAiOnsiY3JlYXRlIjozMDAwMDAwMDAwMDAsImRlbGV0ZSI6MzAwMDAwMDAwMDAwLCJ1cGRhdGUiOjEyMDAwMDAwMDAwMH19",
          "dependencies": [
            "module.service_resources.aws_internet_gateway.internet_gateway",
            "module.service_resources.aws_vpc.default_vpc"
          ]
        }
      ]
    },
    {
      "module": "module.service_resources",
      "mode": "managed",
      "type": "aws_route_table_association",
      "name": "private_1",
      "provider": "provider[\"registry.terraform.io/hashicorp/aws\"]",
      "instances": [
        {
          "schema_version": 0,
          "attributes": {
            "gateway_id": "",
            "id": "rtbassoc-00e47b6371576e754",
            "route_table_id": "rtb-0240d08735e8d80ed",
            "subnet_id": "subnet-0f2f8dac8887d8e8a",
            "timeouts": null
          },
          "sensitive_attributes": [],
          "private": "eyJlMmJmYjczMC1lY2FhLTExZTYtOGY4OC0zNDM2M2JjN2M0YzAiOnsiY3JlYXRlIjozMDAwMDAwMDAwMDAsImRlbGV0ZSI6MzAwMDAwMDAwMDAwLCJ1cGRhdGUiOjEyMDAwMDAwMDAwMH19",
          "dependencies": [
            "module.service_resources.aws_route_table.private",
            "module.service_resources.aws_subnet.private_1",
            "module.service_resources.aws_vpc.default_vpc"
          ]
        }
      ]
    },
    {
      "module": "module.service_resources",
      "mode": "managed",
      "type": "aws_route_table_association",
      "name": "private_2",
      "provider": "provider[\"registry.terraform.io/hashicorp/aws\"]",
      "instances": [
        {
          "schema_version": 0,
          "attributes": {
            "gateway_id": "",
            "id": "rtbassoc-06d486d22515ea897",
            "route_table_id": "rtb-0240d08735e8d80ed",
            "subnet_id": "subnet-097892e11dff94740",
            "timeouts": null
          },
          "sensitive_attributes": [],
          "private": "eyJlMmJmYjczMC1lY2FhLTExZTYtOGY4OC0zNDM2M2JjN2M0YzAiOnsiY3JlYXRlIjozMDAwMDAwMDAwMDAsImRlbGV0ZSI6MzAwMDAwMDAwMDAwLCJ1cGRhdGUiOjEyMDAwMDAwMDAwMH19",
          "dependencies": [
            "module.service_resources.aws_route_table.private",
            "module.service_resources.aws_subnet.private_2",
            "module.service_resources.aws_vpc.default_vpc"
          ]
        }
      ]
    },
    {
      "module": "module.service_resources",
      "mode": "managed",
      "type": "aws_route_table_association",
      "name": "public_1",
      "provider": "provider[\"registry.terraform.io/hashicorp/aws\"]",
      "instances": [
        {
          "schema_version": 0,
          "attributes": {
            "gateway_id": "",
            "id": "rtbassoc-0f48c3d1340aaa7e8",
            "route_table_id": "rtb-0c43bc3c694f4adfc",
            "subnet_id": "subnet-0bce1958bed793a34",
            "timeouts": null
          },
          "sensitive_attributes": [],
          "private": "eyJlMmJmYjczMC1lY2FhLTExZTYtOGY4OC0zNDM2M2JjN2M0YzAiOnsiY3JlYXRlIjozMDAwMDAwMDAwMDAsImRlbGV0ZSI6MzAwMDAwMDAwMDAwLCJ1cGRhdGUiOjEyMDAwMDAwMDAwMH19",
          "dependencies": [
            "module.service_resources.aws_internet_gateway.internet_gateway",
            "module.service_resources.aws_route_table.public",
            "module.service_resources.aws_subnet.public_1",
            "module.service_resources.aws_vpc.default_vpc"
          ]
        }
      ]
    },
    {
      "module": "module.service_resources",
      "mode": "managed",
      "type": "aws_route_table_association",
      "name": "public_2",
      "provider": "provider[\"registry.terraform.io/hashicorp/aws\"]",
      "instances": [
        {
          "schema_version": 0,
          "attributes": {
            "gateway_id": "",
            "id": "rtbassoc-016c364e33a768fb7",
            "route_table_id": "rtb-0c43bc3c694f4adfc",
            "subnet_id": "subnet-0bf145fcce4490650",
            "timeouts": null
          },
          "sensitive_attributes": [],
          "private": "eyJlMmJmYjczMC1lY2FhLTExZTYtOGY4OC0zNDM2M2JjN2M0YzAiOnsiY3JlYXRlIjozMDAwMDAwMDAwMDAsImRlbGV0ZSI6MzAwMDAwMDAwMDAwLCJ1cGRhdGUiOjEyMDAwMDAwMDAwMH19",
          "dependencies": [
            "module.service_resources.aws_internet_gateway.internet_gateway",
            "module.service_resources.aws_route_table.public",
            "module.service_resources.aws_subnet.public_2",
            "module.service_resources.aws_vpc.default_vpc"
          ]
        }
      ]
    },
    {
      "module": "module.service_resources",
      "mode": "managed",
      "type": "aws_s3_bucket",
      "name": "omentejovem_media_content_bucket",
      "provider": "provider[\"registry.terraform.io/hashicorp/aws\"]",
      "instances": [
        {
          "schema_version": 0,
          "attributes": {
            "acceleration_status": "",
            "acl": null,
            "arn": "arn:aws:s3:::omentejovem-media-content",
            "bucket": "omentejovem-media-content",
            "bucket_domain_name": "omentejovem-media-content.s3.amazonaws.com",
            "bucket_prefix": "",
            "bucket_regional_domain_name": "omentejovem-media-content.s3.sa-east-1.amazonaws.com",
            "cors_rule": [],
            "force_destroy": false,
            "grant": [
              {
                "id": "6b324a52a376363e1ce7db3295d791c527048637638e8bf7ec58f81dd40f10e6",
                "permissions": [
                  "FULL_CONTROL"
                ],
                "type": "CanonicalUser",
                "uri": ""
              }
            ],
            "hosted_zone_id": "Z7KQH4QJS55SO",
            "id": "omentejovem-media-content",
            "lifecycle_rule": [],
            "logging": [],
            "object_lock_configuration": [],
            "object_lock_enabled": false,
            "policy": "",
            "region": "sa-east-1",
            "replication_configuration": [],
            "request_payer": "BucketOwner",
            "server_side_encryption_configuration": [
              {
                "rule": [
                  {
                    "apply_server_side_encryption_by_default": [
                      {
                        "kms_master_key_id": "",
                        "sse_algorithm": "AES256"
                      }
                    ],
                    "bucket_key_enabled": false
                  }
                ]
              }
            ],
            "tags": {},
            "tags_all": {},
            "timeouts": null,
            "versioning": [
              {
                "enabled": false,
                "mfa_delete": false
              }
            ],
            "website": [],
            "website_domain": null,
            "website_endpoint": null
          },
          "sensitive_attributes": [],
          "private": "eyJlMmJmYjczMC1lY2FhLTExZTYtOGY4OC0zNDM2M2JjN2M0YzAiOnsiY3JlYXRlIjoxMjAwMDAwMDAwMDAwLCJkZWxldGUiOjM2MDAwMDAwMDAwMDAsInJlYWQiOjEyMDAwMDAwMDAwMDAsInVwZGF0ZSI6MTIwMDAwMDAwMDAwMH19"
        }
      ]
    },
    {
      "module": "module.service_resources",
      "mode": "managed",
      "type": "aws_secretsmanager_secret",
      "name": "mongodb_credentials",
      "provider": "provider[\"registry.terraform.io/hashicorp/aws\"]",
      "instances": [
        {
          "schema_version": 0,
          "attributes": {
            "arn": "arn:aws:secretsmanager:sa-east-1:732075124266:secret:mongodb_pwd-E23zl6",
            "description": "",
            "force_overwrite_replica_secret": true,
            "id": "arn:aws:secretsmanager:sa-east-1:732075124266:secret:mongodb_pwd-E23zl6",
            "kms_key_id": "",
            "name": "mongodb_pwd",
            "name_prefix": "",
            "policy": "",
            "recovery_window_in_days": 30,
            "replica": [],
            "tags": {},
            "tags_all": {}
          },
          "sensitive_attributes": [],
          "private": "bnVsbA=="
        }
      ]
    },
    {
      "module": "module.service_resources",
      "mode": "managed",
      "type": "aws_security_group",
      "name": "admin_sg",
      "provider": "provider[\"registry.terraform.io/hashicorp/aws\"]",
      "instances": [
        {
          "schema_version": 1,
          "attributes": {
            "arn": "arn:aws:ec2:sa-east-1:732075124266:security-group/sg-0841d00f96c9155bf",
            "description": "Managed by Terraform",
            "egress": [],
            "id": "sg-0841d00f96c9155bf",
            "ingress": [],
            "name": "admin-sg",
            "name_prefix": "",
            "owner_id": "732075124266",
            "revoke_rules_on_delete": false,
            "tags": {
              "Name": "admin-sg"
            },
            "tags_all": {
              "Name": "admin-sg"
            },
            "timeouts": null,
            "vpc_id": "vpc-03b40ac794423d3b0"
          },
          "sensitive_attributes": [],
          "private": "eyJlMmJmYjczMC1lY2FhLTExZTYtOGY4OC0zNDM2M2JjN2M0YzAiOnsiY3JlYXRlIjo2MDAwMDAwMDAwMDAsImRlbGV0ZSI6OTAwMDAwMDAwMDAwfSwic2NoZW1hX3ZlcnNpb24iOiIxIn0=",
          "dependencies": [
            "module.service_resources.aws_vpc.default_vpc"
          ]
        }
      ]
    },
    {
      "module": "module.service_resources",
      "mode": "managed",
      "type": "aws_security_group",
      "name": "api_sg",
      "provider": "provider[\"registry.terraform.io/hashicorp/aws\"]",
      "instances": [
        {
          "schema_version": 1,
          "attributes": {
            "arn": "arn:aws:ec2:sa-east-1:732075124266:security-group/sg-06b1e488af56f70a1",
            "description": "Managed by Terraform",
            "egress": [
              {
                "cidr_blocks": [
                  "0.0.0.0/0"
                ],
                "description": "",
                "from_port": 0,
                "ipv6_cidr_blocks": [],
                "prefix_list_ids": [],
                "protocol": "-1",
                "security_groups": [],
                "self": false,
                "to_port": 0
              }
            ],
            "id": "sg-06b1e488af56f70a1",
            "ingress": [
              {
                "cidr_blocks": [],
                "description": "",
                "from_port": 443,
                "ipv6_cidr_blocks": [],
                "prefix_list_ids": [],
                "protocol": "tcp",
                "security_groups": [
                  "sg-05bf326d33ea63d53"
                ],
                "self": false,
                "to_port": 443
              },
              {
                "cidr_blocks": [],
                "description": "",
                "from_port": 80,
                "ipv6_cidr_blocks": [],
                "prefix_list_ids": [],
                "protocol": "tcp",
                "security_groups": [
                  "sg-05bf326d33ea63d53"
                ],
                "self": false,
                "to_port": 80
              }
            ],
            "name": "api-sg",
            "name_prefix": "",
            "owner_id": "732075124266",
            "revoke_rules_on_delete": false,
            "tags": {
              "Name": "api-sg"
            },
            "tags_all": {
              "Name": "api-sg"
            },
            "timeouts": null,
            "vpc_id": "vpc-03b40ac794423d3b0"
          },
          "sensitive_attributes": [],
          "private": "eyJlMmJmYjczMC1lY2FhLTExZTYtOGY4OC0zNDM2M2JjN2M0YzAiOnsiY3JlYXRlIjo2MDAwMDAwMDAwMDAsImRlbGV0ZSI6OTAwMDAwMDAwMDAwfSwic2NoZW1hX3ZlcnNpb24iOiIxIn0=",
          "dependencies": [
            "module.service_resources.aws_vpc.default_vpc"
          ]
        }
      ]
    },
    {
      "module": "module.service_resources",
      "mode": "managed",
      "type": "aws_security_group",
      "name": "db_sg",
      "provider": "provider[\"registry.terraform.io/hashicorp/aws\"]",
      "instances": [
        {
          "schema_version": 1,
          "attributes": {
            "arn": "arn:aws:ec2:sa-east-1:732075124266:security-group/sg-0784da314476f9ccd",
            "description": "Managed by Terraform",
            "egress": [
              {
                "cidr_blocks": [
                  "0.0.0.0/0"
                ],
                "description": "",
                "from_port": 0,
                "ipv6_cidr_blocks": [],
                "prefix_list_ids": [],
                "protocol": "-1",
                "security_groups": [],
                "self": false,
                "to_port": 0
              }
            ],
            "id": "sg-0784da314476f9ccd",
            "ingress": [
              {
                "cidr_blocks": [],
                "description": "",
                "from_port": 5432,
                "ipv6_cidr_blocks": [],
                "prefix_list_ids": [],
                "protocol": "tcp",
                "security_groups": [
                  "sg-06b1e488af56f70a1",
                  "sg-0841d00f96c9155bf"
                ],
                "self": false,
                "to_port": 5432
              }
            ],
            "name": "db-sg",
            "name_prefix": "",
            "owner_id": "732075124266",
            "revoke_rules_on_delete": false,
            "tags": {
              "Name": "db-sg"
            },
            "tags_all": {
              "Name": "db-sg"
            },
            "timeouts": null,
            "vpc_id": "vpc-03b40ac794423d3b0"
          },
          "sensitive_attributes": [],
          "private": "eyJlMmJmYjczMC1lY2FhLTExZTYtOGY4OC0zNDM2M2JjN2M0YzAiOnsiY3JlYXRlIjo2MDAwMDAwMDAwMDAsImRlbGV0ZSI6OTAwMDAwMDAwMDAwfSwic2NoZW1hX3ZlcnNpb24iOiIxIn0=",
          "dependencies": [
            "module.service_resources.aws_vpc.default_vpc"
          ]
        }
      ]
    },
    {
      "module": "module.service_resources",
      "mode": "managed",
      "type": "aws_security_group",
      "name": "frontend_sg",
      "provider": "provider[\"registry.terraform.io/hashicorp/aws\"]",
      "instances": [
        {
          "schema_version": 1,
          "attributes": {
            "arn": "arn:aws:ec2:sa-east-1:732075124266:security-group/sg-05bf326d33ea63d53",
            "description": "Managed by Terraform",
            "egress": [
              {
                "cidr_blocks": [
                  "0.0.0.0/0"
                ],
                "description": "",
                "from_port": 0,
                "ipv6_cidr_blocks": [],
                "prefix_list_ids": [],
                "protocol": "-1",
                "security_groups": [],
                "self": false,
                "to_port": 0
              }
            ],
            "id": "sg-05bf326d33ea63d53",
            "ingress": [
              {
                "cidr_blocks": [
                  "0.0.0.0/0"
                ],
                "description": "",
                "from_port": 443,
                "ipv6_cidr_blocks": [],
                "prefix_list_ids": [],
                "protocol": "tcp",
                "security_groups": [],
                "self": false,
                "to_port": 443
              },
              {
                "cidr_blocks": [
                  "0.0.0.0/0"
                ],
                "description": "",
                "from_port": 80,
                "ipv6_cidr_blocks": [],
                "prefix_list_ids": [],
                "protocol": "tcp",
                "security_groups": [],
                "self": false,
                "to_port": 80
              }
            ],
            "name": "frontend-sg",
            "name_prefix": "",
            "owner_id": "732075124266",
            "revoke_rules_on_delete": false,
            "tags": {
              "Name": "frontend-sg"
            },
            "tags_all": {
              "Name": "frontend-sg"
            },
            "timeouts": null,
            "vpc_id": "vpc-03b40ac794423d3b0"
          },
          "sensitive_attributes": [],
          "private": "eyJlMmJmYjczMC1lY2FhLTExZTYtOGY4OC0zNDM2M2JjN2M0YzAiOnsiY3JlYXRlIjo2MDAwMDAwMDAwMDAsImRlbGV0ZSI6OTAwMDAwMDAwMDAwfSwic2NoZW1hX3ZlcnNpb24iOiIxIn0=",
          "dependencies": [
            "module.service_resources.aws_vpc.default_vpc"
          ]
        }
      ]
    },
    {
      "module": "module.service_resources",
      "mode": "managed",
      "type": "aws_subnet",
      "name": "private_1",
      "provider": "provider[\"registry.terraform.io/hashicorp/aws\"]",
      "instances": [
        {
          "schema_version": 1,
          "attributes": {
            "arn": "arn:aws:ec2:sa-east-1:732075124266:subnet/subnet-0f2f8dac8887d8e8a",
            "assign_ipv6_address_on_creation": false,
            "availability_zone": "sa-east-1a",
            "availability_zone_id": "sae1-az1",
            "cidr_block": "10.0.3.0/24",
            "customer_owned_ipv4_pool": "",
            "enable_dns64": false,
            "enable_lni_at_device_index": 0,
            "enable_resource_name_dns_a_record_on_launch": false,
            "enable_resource_name_dns_aaaa_record_on_launch": false,
            "id": "subnet-0f2f8dac8887d8e8a",
            "ipv6_cidr_block": "",
            "ipv6_cidr_block_association_id": "",
            "ipv6_native": false,
            "map_customer_owned_ip_on_launch": false,
            "map_public_ip_on_launch": false,
            "outpost_arn": "",
            "owner_id": "732075124266",
            "private_dns_hostname_type_on_launch": "ip-name",
            "tags": {
              "Name": "private-subnet-1"
            },
            "tags_all": {
              "Name": "private-subnet-1"
            },
            "timeouts": null,
            "vpc_id": "vpc-03b40ac794423d3b0"
          },
          "sensitive_attributes": [],
          "private": "eyJlMmJmYjczMC1lY2FhLTExZTYtOGY4OC0zNDM2M2JjN2M0YzAiOnsiY3JlYXRlIjo2MDAwMDAwMDAwMDAsImRlbGV0ZSI6MTIwMDAwMDAwMDAwMH0sInNjaGVtYV92ZXJzaW9uIjoiMSJ9",
          "dependencies": [
            "module.service_resources.aws_vpc.default_vpc"
          ]
        }
      ]
    },
    {
      "module": "module.service_resources",
      "mode": "managed",
      "type": "aws_subnet",
      "name": "private_2",
      "provider": "provider[\"registry.terraform.io/hashicorp/aws\"]",
      "instances": [
        {
          "schema_version": 1,
          "attributes": {
            "arn": "arn:aws:ec2:sa-east-1:732075124266:subnet/subnet-097892e11dff94740",
            "assign_ipv6_address_on_creation": false,
            "availability_zone": "sa-east-1b",
            "availability_zone_id": "sae1-az2",
            "cidr_block": "10.0.4.0/24",
            "customer_owned_ipv4_pool": "",
            "enable_dns64": false,
            "enable_lni_at_device_index": 0,
            "enable_resource_name_dns_a_record_on_launch": false,
            "enable_resource_name_dns_aaaa_record_on_launch": false,
            "id": "subnet-097892e11dff94740",
            "ipv6_cidr_block": "",
            "ipv6_cidr_block_association_id": "",
            "ipv6_native": false,
            "map_customer_owned_ip_on_launch": false,
            "map_public_ip_on_launch": false,
            "outpost_arn": "",
            "owner_id": "732075124266",
            "private_dns_hostname_type_on_launch": "ip-name",
            "tags": {
              "Name": "private-subnet-2"
            },
            "tags_all": {
              "Name": "private-subnet-2"
            },
            "timeouts": null,
            "vpc_id": "vpc-03b40ac794423d3b0"
          },
          "sensitive_attributes": [],
          "private": "eyJlMmJmYjczMC1lY2FhLTExZTYtOGY4OC0zNDM2M2JjN2M0YzAiOnsiY3JlYXRlIjo2MDAwMDAwMDAwMDAsImRlbGV0ZSI6MTIwMDAwMDAwMDAwMH0sInNjaGVtYV92ZXJzaW9uIjoiMSJ9",
          "dependencies": [
            "module.service_resources.aws_vpc.default_vpc"
          ]
        }
      ]
    },
    {
      "module": "module.service_resources",
      "mode": "managed",
      "type": "aws_subnet",
      "name": "public_1",
      "provider": "provider[\"registry.terraform.io/hashicorp/aws\"]",
      "instances": [
        {
          "schema_version": 1,
          "attributes": {
            "arn": "arn:aws:ec2:sa-east-1:732075124266:subnet/subnet-0bce1958bed793a34",
            "assign_ipv6_address_on_creation": false,
            "availability_zone": "sa-east-1a",
            "availability_zone_id": "sae1-az1",
            "cidr_block": "10.0.1.0/24",
            "customer_owned_ipv4_pool": "",
            "enable_dns64": false,
            "enable_lni_at_device_index": 0,
            "enable_resource_name_dns_a_record_on_launch": false,
            "enable_resource_name_dns_aaaa_record_on_launch": false,
            "id": "subnet-0bce1958bed793a34",
            "ipv6_cidr_block": "",
            "ipv6_cidr_block_association_id": "",
            "ipv6_native": false,
            "map_customer_owned_ip_on_launch": false,
            "map_public_ip_on_launch": true,
            "outpost_arn": "",
            "owner_id": "732075124266",
            "private_dns_hostname_type_on_launch": "ip-name",
            "tags": {
              "Name": "public-subnet-1"
            },
            "tags_all": {
              "Name": "public-subnet-1"
            },
            "timeouts": null,
            "vpc_id": "vpc-03b40ac794423d3b0"
          },
          "sensitive_attributes": [],
          "private": "eyJlMmJmYjczMC1lY2FhLTExZTYtOGY4OC0zNDM2M2JjN2M0YzAiOnsiY3JlYXRlIjo2MDAwMDAwMDAwMDAsImRlbGV0ZSI6MTIwMDAwMDAwMDAwMH0sInNjaGVtYV92ZXJzaW9uIjoiMSJ9",
          "dependencies": [
            "module.service_resources.aws_vpc.default_vpc"
          ]
        }
      ]
    },
    {
      "module": "module.service_resources",
      "mode": "managed",
      "type": "aws_subnet",
      "name": "public_2",
      "provider": "provider[\"registry.terraform.io/hashicorp/aws\"]",
      "instances": [
        {
          "schema_version": 1,
          "attributes": {
            "arn": "arn:aws:ec2:sa-east-1:732075124266:subnet/subnet-0bf145fcce4490650",
            "assign_ipv6_address_on_creation": false,
            "availability_zone": "sa-east-1b",
            "availability_zone_id": "sae1-az2",
            "cidr_block": "10.0.2.0/24",
            "customer_owned_ipv4_pool": "",
            "enable_dns64": false,
            "enable_lni_at_device_index": 0,
            "enable_resource_name_dns_a_record_on_launch": false,
            "enable_resource_name_dns_aaaa_record_on_launch": false,
            "id": "subnet-0bf145fcce4490650",
            "ipv6_cidr_block": "",
            "ipv6_cidr_block_association_id": "",
            "ipv6_native": false,
            "map_customer_owned_ip_on_launch": false,
            "map_public_ip_on_launch": true,
            "outpost_arn": "",
            "owner_id": "732075124266",
            "private_dns_hostname_type_on_launch": "ip-name",
            "tags": {
              "Name": "public-subnet-2"
            },
            "tags_all": {
              "Name": "public-subnet-2"
            },
            "timeouts": null,
            "vpc_id": "vpc-03b40ac794423d3b0"
          },
          "sensitive_attributes": [],
          "private": "eyJlMmJmYjczMC1lY2FhLTExZTYtOGY4OC0zNDM2M2JjN2M0YzAiOnsiY3JlYXRlIjo2MDAwMDAwMDAwMDAsImRlbGV0ZSI6MTIwMDAwMDAwMDAwMH0sInNjaGVtYV92ZXJzaW9uIjoiMSJ9",
          "dependencies": [
            "module.service_resources.aws_vpc.default_vpc"
          ]
        }
      ]
    },
    {
      "module": "module.service_resources",
      "mode": "managed",
      "type": "aws_vpc",
      "name": "default_vpc",
      "provider": "provider[\"registry.terraform.io/hashicorp/aws\"]",
      "instances": [
        {
          "schema_version": 1,
          "attributes": {
            "arn": "arn:aws:ec2:sa-east-1:732075124266:vpc/vpc-03b40ac794423d3b0",
            "assign_generated_ipv6_cidr_block": false,
            "cidr_block": "10.0.0.0/16",
            "default_network_acl_id": "acl-03f2aa00199899fb7",
            "default_route_table_id": "rtb-09d54bc51b91a77ad",
            "default_security_group_id": "sg-06004833e2fdb7ee2",
            "dhcp_options_id": "dopt-06dc1d7800debc917",
            "enable_dns_hostnames": false,
            "enable_dns_support": true,
            "enable_network_address_usage_metrics": false,
            "id": "vpc-03b40ac794423d3b0",
            "instance_tenancy": "default",
            "ipv4_ipam_pool_id": null,
            "ipv4_netmask_length": null,
            "ipv6_association_id": "",
            "ipv6_cidr_block": "",
            "ipv6_cidr_block_network_border_group": "",
            "ipv6_ipam_pool_id": "",
            "ipv6_netmask_length": 0,
            "main_route_table_id": "rtb-09d54bc51b91a77ad",
            "owner_id": "732075124266",
            "tags": {},
            "tags_all": {}
          },
          "sensitive_attributes": [],
          "private": "eyJzY2hlbWFfdmVyc2lvbiI6IjEifQ=="
        }
      ]
    },
    {
      "module": "module.service_resources",
      "mode": "managed",
      "type": "aws_vpc_security_group_egress_rule",
      "name": "api_all",
      "provider": "provider[\"registry.terraform.io/hashicorp/aws\"]",
      "instances": [
        {
          "schema_version": 0,
          "attributes": {
            "arn": "arn:aws:ec2:sa-east-1:732075124266:security-group-rule/sgr-05f30e7b9a8ef5c7c",
            "cidr_ipv4": "0.0.0.0/0",
            "cidr_ipv6": null,
            "description": null,
            "from_port": null,
            "id": "sgr-05f30e7b9a8ef5c7c",
            "ip_protocol": "-1",
            "prefix_list_id": null,
            "referenced_security_group_id": null,
            "security_group_id": "sg-06b1e488af56f70a1",
            "security_group_rule_id": "sgr-05f30e7b9a8ef5c7c",
            "tags": null,
            "tags_all": {},
            "to_port": null
          },
          "sensitive_attributes": [],
          "dependencies": [
            "module.service_resources.aws_security_group.api_sg",
            "module.service_resources.aws_vpc.default_vpc"
          ]
        }
      ]
    },
    {
      "module": "module.service_resources",
      "mode": "managed",
      "type": "aws_vpc_security_group_egress_rule",
      "name": "db_all",
      "provider": "provider[\"registry.terraform.io/hashicorp/aws\"]",
      "instances": [
        {
          "schema_version": 0,
          "attributes": {
            "arn": "arn:aws:ec2:sa-east-1:732075124266:security-group-rule/sgr-0a9d3f99abdf0011e",
            "cidr_ipv4": "0.0.0.0/0",
            "cidr_ipv6": null,
            "description": null,
            "from_port": null,
            "id": "sgr-0a9d3f99abdf0011e",
            "ip_protocol": "-1",
            "prefix_list_id": null,
            "referenced_security_group_id": null,
            "security_group_id": "sg-0784da314476f9ccd",
            "security_group_rule_id": "sgr-0a9d3f99abdf0011e",
            "tags": null,
            "tags_all": {},
            "to_port": null
          },
          "sensitive_attributes": [],
          "dependencies": [
            "module.service_resources.aws_security_group.db_sg",
            "module.service_resources.aws_vpc.default_vpc"
          ]
        }
      ]
    },
    {
      "module": "module.service_resources",
      "mode": "managed",
      "type": "aws_vpc_security_group_egress_rule",
      "name": "frontend_all",
      "provider": "provider[\"registry.terraform.io/hashicorp/aws\"]",
      "instances": [
        {
          "schema_version": 0,
          "attributes": {
            "arn": "arn:aws:ec2:sa-east-1:732075124266:security-group-rule/sgr-0492025b78aabc930",
            "cidr_ipv4": "0.0.0.0/0",
            "cidr_ipv6": null,
            "description": null,
            "from_port": null,
            "id": "sgr-0492025b78aabc930",
            "ip_protocol": "-1",
            "prefix_list_id": null,
            "referenced_security_group_id": null,
            "security_group_id": "sg-05bf326d33ea63d53",
            "security_group_rule_id": "sgr-0492025b78aabc930",
            "tags": null,
            "tags_all": {},
            "to_port": null
          },
          "sensitive_attributes": [],
          "dependencies": [
            "module.service_resources.aws_security_group.frontend_sg",
            "module.service_resources.aws_vpc.default_vpc"
          ]
        }
      ]
    },
    {
      "module": "module.service_resources",
      "mode": "managed",
      "type": "aws_vpc_security_group_ingress_rule",
      "name": "api_http",
      "provider": "provider[\"registry.terraform.io/hashicorp/aws\"]",
      "instances": [
        {
          "schema_version": 0,
          "attributes": {
            "arn": "arn:aws:ec2:sa-east-1:732075124266:security-group-rule/sgr-0534ee6290c198ae3",
            "cidr_ipv4": null,
            "cidr_ipv6": null,
            "description": null,
            "from_port": 80,
            "id": "sgr-0534ee6290c198ae3",
            "ip_protocol": "tcp",
            "prefix_list_id": null,
            "referenced_security_group_id": "sg-05bf326d33ea63d53",
            "security_group_id": "sg-06b1e488af56f70a1",
            "security_group_rule_id": "sgr-0534ee6290c198ae3",
            "tags": null,
            "tags_all": {},
            "to_port": 80
          },
          "sensitive_attributes": [],
          "dependencies": [
            "module.service_resources.aws_security_group.api_sg",
            "module.service_resources.aws_security_group.frontend_sg",
            "module.service_resources.aws_vpc.default_vpc"
          ]
        }
      ]
    },
    {
      "module": "module.service_resources",
      "mode": "managed",
      "type": "aws_vpc_security_group_ingress_rule",
      "name": "api_https",
      "provider": "provider[\"registry.terraform.io/hashicorp/aws\"]",
      "instances": [
        {
          "schema_version": 0,
          "attributes": {
            "arn": "arn:aws:ec2:sa-east-1:732075124266:security-group-rule/sgr-0fcac0c6c9ee5a4b2",
            "cidr_ipv4": null,
            "cidr_ipv6": null,
            "description": null,
            "from_port": 443,
            "id": "sgr-0fcac0c6c9ee5a4b2",
            "ip_protocol": "tcp",
            "prefix_list_id": null,
            "referenced_security_group_id": "sg-05bf326d33ea63d53",
            "security_group_id": "sg-06b1e488af56f70a1",
            "security_group_rule_id": "sgr-0fcac0c6c9ee5a4b2",
            "tags": null,
            "tags_all": {},
            "to_port": 443
          },
          "sensitive_attributes": [],
          "dependencies": [
            "module.service_resources.aws_security_group.api_sg",
            "module.service_resources.aws_security_group.frontend_sg",
            "module.service_resources.aws_vpc.default_vpc"
          ]
        }
      ]
    },
    {
      "module": "module.service_resources",
      "mode": "managed",
      "type": "aws_vpc_security_group_ingress_rule",
      "name": "db_admin",
      "provider": "provider[\"registry.terraform.io/hashicorp/aws\"]",
      "instances": [
        {
          "schema_version": 0,
          "attributes": {
            "arn": "arn:aws:ec2:sa-east-1:732075124266:security-group-rule/sgr-0f458aa185a753aa2",
            "cidr_ipv4": null,
            "cidr_ipv6": null,
            "description": null,
            "from_port": 5432,
            "id": "sgr-0f458aa185a753aa2",
            "ip_protocol": "tcp",
            "prefix_list_id": null,
            "referenced_security_group_id": "sg-0841d00f96c9155bf",
            "security_group_id": "sg-0784da314476f9ccd",
            "security_group_rule_id": "sgr-0f458aa185a753aa2",
            "tags": null,
            "tags_all": {},
            "to_port": 5432
          },
          "sensitive_attributes": [],
          "dependencies": [
            "module.service_resources.aws_security_group.admin_sg",
            "module.service_resources.aws_security_group.db_sg",
            "module.service_resources.aws_vpc.default_vpc"
          ]
        }
      ]
    },
    {
      "module": "module.service_resources",
      "mode": "managed",
      "type": "aws_vpc_security_group_ingress_rule",
      "name": "db_api",
      "provider": "provider[\"registry.terraform.io/hashicorp/aws\"]",
      "instances": [
        {
          "schema_version": 0,
          "attributes": {
            "arn": "arn:aws:ec2:sa-east-1:732075124266:security-group-rule/sgr-06125ecf7310d3de7",
            "cidr_ipv4": null,
            "cidr_ipv6": null,
            "description": null,
            "from_port": 5432,
            "id": "sgr-06125ecf7310d3de7",
            "ip_protocol": "tcp",
            "prefix_list_id": null,
            "referenced_security_group_id": "sg-06b1e488af56f70a1",
            "security_group_id": "sg-0784da314476f9ccd",
            "security_group_rule_id": "sgr-06125ecf7310d3de7",
            "tags": null,
            "tags_all": {},
            "to_port": 5432
          },
          "sensitive_attributes": [],
          "dependencies": [
            "module.service_resources.aws_security_group.api_sg",
            "module.service_resources.aws_security_group.db_sg",
            "module.service_resources.aws_vpc.default_vpc"
          ]
        }
      ]
    },
    {
      "module": "module.service_resources",
      "mode": "managed",
      "type": "aws_vpc_security_group_ingress_rule",
      "name": "frontend_http",
      "provider": "provider[\"registry.terraform.io/hashicorp/aws\"]",
      "instances": [
        {
          "schema_version": 0,
          "attributes": {
            "arn": "arn:aws:ec2:sa-east-1:732075124266:security-group-rule/sgr-062aa20f468e0be0a",
            "cidr_ipv4": "0.0.0.0/0",
            "cidr_ipv6": null,
            "description": null,
            "from_port": 80,
            "id": "sgr-062aa20f468e0be0a",
            "ip_protocol": "tcp",
            "prefix_list_id": null,
            "referenced_security_group_id": null,
            "security_group_id": "sg-05bf326d33ea63d53",
            "security_group_rule_id": "sgr-062aa20f468e0be0a",
            "tags": null,
            "tags_all": {},
            "to_port": 80
          },
          "sensitive_attributes": [],
          "dependencies": [
            "module.service_resources.aws_security_group.frontend_sg",
            "module.service_resources.aws_vpc.default_vpc"
          ]
        }
      ]
    },
    {
      "module": "module.service_resources",
      "mode": "managed",
      "type": "aws_vpc_security_group_ingress_rule",
      "name": "frontend_https",
      "provider": "provider[\"registry.terraform.io/hashicorp/aws\"]",
      "instances": [
        {
          "schema_version": 0,
          "attributes": {
            "arn": "arn:aws:ec2:sa-east-1:732075124266:security-group-rule/sgr-0a6a810cbb8391dad",
            "cidr_ipv4": "0.0.0.0/0",
            "cidr_ipv6": null,
            "description": null,
            "from_port": 443,
            "id": "sgr-0a6a810cbb8391dad",
            "ip_protocol": "tcp",
            "prefix_list_id": null,
            "referenced_security_group_id": null,
            "security_group_id": "sg-05bf326d33ea63d53",
            "security_group_rule_id": "sgr-0a6a810cbb8391dad",
            "tags": null,
            "tags_all": {},
            "to_port": 443
          },
          "sensitive_attributes": [],
          "dependencies": [
            "module.service_resources.aws_security_group.frontend_sg",
            "module.service_resources.aws_vpc.default_vpc"
          ]
        }
      ]
    },
    {
      "module": "module.service_resources.module.database_mongodb_password",
      "mode": "managed",
      "type": "aws_secretsmanager_secret_version",
      "name": "this",
      "provider": "provider[\"registry.terraform.io/hashicorp/aws\"]",
      "instances": [
        {
          "schema_version": 0,
          "attributes": {
            "arn": "arn:aws:secretsmanager:sa-east-1:732075124266:secret:mongodb_pwd-E23zl6",
            "id": "arn:aws:secretsmanager:sa-east-1:732075124266:secret:mongodb_pwd-E23zl6|terraform-20240610095513823700000002",
            "secret_binary": "",
            "secret_id": "arn:aws:secretsmanager:sa-east-1:732075124266:secret:mongodb_pwd-E23zl6",
            "secret_string": "fCb]k*+!(q9+Lq\u0026y#V?nqIO#T(y3w+O%",
            "version_id": "terraform-20240610095513823700000002",
            "version_stages": [
              "AWSCURRENT"
            ]
          },
          "sensitive_attributes": [
            [
              {
                "type": "get_attr",
                "value": "secret_binary"
              }
            ],
            [
              {
                "type": "get_attr",
                "value": "secret_string"
              }
            ]
          ],
          "private": "bnVsbA==",
          "dependencies": [
            "module.service_resources.aws_secretsmanager_secret.mongodb_credentials",
            "module.service_resources.module.database_mongodb_password.random_password.this"
          ]
        }
      ]
    },
    {
      "module": "module.service_resources.module.database_mongodb_password",
      "mode": "managed",
      "type": "random_password",
      "name": "this",
      "provider": "provider[\"registry.terraform.io/hashicorp/random\"]",
      "instances": [
        {
          "schema_version": 3,
          "attributes": {
            "bcrypt_hash": "$2a$10$0kdY7Z6Vwu2gcPM8DtGvwul8kGvY1O86AwoUwvG1m/ahOcTgf1MTq",
            "id": "none",
            "keepers": null,
            "length": 32,
            "lower": true,
            "min_lower": 0,
            "min_numeric": 0,
            "min_special": 0,
            "min_upper": 0,
            "number": true,
            "numeric": true,
            "override_special": "!@#$%\u0026*()-_=+[]\u003c\u003e:?",
            "result": "fCb]k*+!(q9+Lq\u0026y#V?nqIO#T(y3w+O%",
            "special": true,
            "upper": true
          },
          "sensitive_attributes": [
            [
              {
                "type": "get_attr",
                "value": "result"
              }
            ],
            [
              {
                "type": "get_attr",
                "value": "bcrypt_hash"
              }
            ]
          ]
        }
      ]
    }
  ],
  "check_results": null
}
