
Microsoft Visual Studio Solution File, Format Version 12.00
# Visual Studio Version 17
VisualStudioVersion = 17.8.34316.72
MinimumVisualStudioVersion = 10.0.40219.1
Project("{FAE04EC0-301F-11D3-BF4B-00C04F79EFBC}") = "WebApplication1", "WebApplication1\WebApplication1.csproj", "{2D4F468C-66C0-47F1-BB18-A78589A823FD}"
EndProject
Global
	GlobalSection(SolutionConfigurationPlatforms) = preSolution
		Debug|Any CPU = Debug|Any CPU
		Release|Any CPU = Release|Any CPU
	EndGlobalSection
	GlobalSection(ProjectConfigurationPlatforms) = postSolution
		{2D4F468C-66C0-47F1-BB18-A78589A823FD}.Debug|Any CPU.ActiveCfg = Debug|Any CPU
		{2D4F468C-66C0-47F1-BB18-A78589A823FD}.Debug|Any CPU.Build.0 = Debug|Any CPU
		{2D4F468C-66C0-47F1-BB18-A78589A823FD}.Release|Any CPU.ActiveCfg = Release|Any CPU
		{2D4F468C-66C0-47F1-BB18-A78589A823FD}.Release|Any CPU.Build.0 = Release|Any CPU
	EndGlobalSection
	GlobalSection(SolutionProperties) = preSolution
		HideSolutionNode = FALSE
	EndGlobalSection
	GlobalSection(ExtensibilityGlobals) = postSolution
		SolutionGuid = {A7363585-A57F-49F9-A93C-88B073D0DACC}
	EndGlobalSection
EndGlobal
