
Microsoft Visual Studio Solution File, Format Version 12.00
# Visual Studio Version 17
VisualStudioVersion = 17.8.34316.72
MinimumVisualStudioVersion = 10.0.40219.1
Project("{9A19103F-16F7-4668-BE54-9A1E7A4F7556}") = "Api", "Api\Api.csproj", "{2D4F468C-66C0-47F1-BB18-A78589A823FD}"
EndProject
Project("{9A19103F-16F7-4668-BE54-9A1E7A4F7556}") = "Domain", "Domain\Domain.csproj", "{D95DA2DB-FA4B-4336-9963-7A1F083EFE62}"
EndProject
Project("{9A19103F-16F7-4668-BE54-9A1E7A4F7556}") = "DbSeeder", "DbSeeder\DbSeeder.csproj", "{677894E7-6C07-43DA-BB75-18C26A2812ED}"
EndProject
Project("{9A19103F-16F7-4668-BE54-9A1E7A4F7556}") = "TestCalls", "TestCalls\TestCalls.csproj", "{41B91928-284D-43B5-A101-131797435993}"
EndProject
Project("{9A19103F-16F7-4668-BE54-9A1E7A4F7556}") = "AdminApi", "AdminApi\AdminApi.csproj", "{DB477795-DFEC-4833-8FA6-782B65251CE6}"
EndProject
Global
	GlobalSection(SolutionConfigurationPlatforms) = preSolution
		Debug|Any CPU = Debug|Any CPU
		Release|Any CPU = Release|Any CPU
	EndGlobalSection
	GlobalSection(ProjectConfigurationPlatforms) = postSolution
		{2D4F468C-66C0-47F1-BB18-A78589A823FD}.Debug|Any CPU.ActiveCfg = Debug|Any CPU
		{2D4F468C-66C0-47F1-BB18-A78589A823FD}.Debug|Any CPU.Build.0 = Debug|Any CPU
		{2D4F468C-66C0-47F1-BB18-A78589A823FD}.Release|Any CPU.ActiveCfg = Release|Any CPU
		{2D4F468C-66C0-47F1-BB18-A78589A823FD}.Release|Any CPU.Build.0 = Release|Any CPU
		{D95DA2DB-FA4B-4336-9963-7A1F083EFE62}.Debug|Any CPU.ActiveCfg = Debug|Any CPU
		{D95DA2DB-FA4B-4336-9963-7A1F083EFE62}.Debug|Any CPU.Build.0 = Debug|Any CPU
		{D95DA2DB-FA4B-4336-9963-7A1F083EFE62}.Release|Any CPU.ActiveCfg = Release|Any CPU
		{D95DA2DB-FA4B-4336-9963-7A1F083EFE62}.Release|Any CPU.Build.0 = Release|Any CPU
		{677894E7-6C07-43DA-BB75-18C26A2812ED}.Debug|Any CPU.ActiveCfg = Debug|Any CPU
		{677894E7-6C07-43DA-BB75-18C26A2812ED}.Debug|Any CPU.Build.0 = Debug|Any CPU
		{677894E7-6C07-43DA-BB75-18C26A2812ED}.Release|Any CPU.ActiveCfg = Release|Any CPU
		{677894E7-6C07-43DA-BB75-18C26A2812ED}.Release|Any CPU.Build.0 = Release|Any CPU
		{41B91928-284D-43B5-A101-131797435993}.Debug|Any CPU.ActiveCfg = Debug|Any CPU
		{41B91928-284D-43B5-A101-131797435993}.Debug|Any CPU.Build.0 = Debug|Any CPU
		{41B91928-284D-43B5-A101-131797435993}.Release|Any CPU.ActiveCfg = Release|Any CPU
		{41B91928-284D-43B5-A101-131797435993}.Release|Any CPU.Build.0 = Release|Any CPU
		{DB477795-DFEC-4833-8FA6-782B65251CE6}.Debug|Any CPU.ActiveCfg = Debug|Any CPU
		{DB477795-DFEC-4833-8FA6-782B65251CE6}.Debug|Any CPU.Build.0 = Debug|Any CPU
		{DB477795-DFEC-4833-8FA6-782B65251CE6}.Release|Any CPU.ActiveCfg = Release|Any CPU
		{DB477795-DFEC-4833-8FA6-782B65251CE6}.Release|Any CPU.Build.0 = Release|Any CPU
	EndGlobalSection
	GlobalSection(SolutionProperties) = preSolution
		HideSolutionNode = FALSE
	EndGlobalSection
	GlobalSection(ExtensibilityGlobals) = postSolution
		SolutionGuid = {A7363585-A57F-49F9-A93C-88B073D0DACC}
	EndGlobalSection
EndGlobal
